
Microsoft Visual Studio Solution File, Format Version 12.00
# Visual Studio Version 17
VisualStudioVersion = 17.0.31903.59
MinimumVisualStudioVersion = 10.0.40219.1
Project("{FAE04EC0-301F-11D3-BF4B-00C04F79EFBC}") = "WindowsResolutionChanger", "WindowsResolutionChanger.csproj", "{9F7EB18B-7340-4BB8-A9A0-B24671BAE857}"
EndProject
Global
	GlobalSection(SolutionConfigurationPlatforms) = preSolution
		Debug|Any CPU = Debug|Any CPU
		Release|Any CPU = Release|Any CPU
	EndGlobalSection
	GlobalSection(SolutionProperties) = preSolution
		HideSolutionNode = FALSE
	EndGlobalSection
	GlobalSection(ProjectConfigurationPlatforms) = postSolution
		{9F7EB18B-7340-4BB8-A9A0-B24671BAE857}.Debug|Any CPU.ActiveCfg = Debug|Any CPU
		{9F7EB18B-7340-4BB8-A9A0-B24671BAE857}.Debug|Any CPU.Build.0 = Debug|Any CPU
		{9F7EB18B-7340-4BB8-A9A0-B24671BAE857}.Release|Any CPU.ActiveCfg = Release|Any CPU
		{9F7EB18B-7340-4BB8-A9A0-B24671BAE857}.Release|Any CPU.Build.0 = Release|Any CPU
	EndGlobalSection
EndGlobal
